
Microsoft Visual Studio Solution File, Format Version 12.00
# Visual Studio Version 17
VisualStudioVersion = 17.2.32505.173
MinimumVisualStudioVersion = 10.0.40219.1
Project("{FAE04EC0-301F-11D3-BF4B-00C04F79EFBC}") = "LearningOutComeTask1", "LearningOutComeTask1\LearningOutComeTask1.csproj", "{F7E53D92-B6FE-45C7-A9B6-C54E5406E890}"
EndProject
Global
	GlobalSection(SolutionConfigurationPlatforms) = preSolution
		Debug|Any CPU = Debug|Any CPU
		Release|Any CPU = Release|Any CPU
	EndGlobalSection
	GlobalSection(ProjectConfigurationPlatforms) = postSolution
		{F7E53D92-B6FE-45C7-A9B6-C54E5406E890}.Debug|Any CPU.ActiveCfg = Debug|Any CPU
		{F7E53D92-B6FE-45C7-A9B6-C54E5406E890}.Debug|Any CPU.Build.0 = Debug|Any CPU
		{F7E53D92-B6FE-45C7-A9B6-C54E5406E890}.Release|Any CPU.ActiveCfg = Release|Any CPU
		{F7E53D92-B6FE-45C7-A9B6-C54E5406E890}.Release|Any CPU.Build.0 = Release|Any CPU
	EndGlobalSection
	GlobalSection(SolutionProperties) = preSolution
		HideSolutionNode = FALSE
	EndGlobalSection
	GlobalSection(ExtensibilityGlobals) = postSolution
		SolutionGuid = {AB4B1FF2-BF47-4423-84BD-E2FA97EBC68A}
	EndGlobalSection
EndGlobal
