
Microsoft Visual Studio Solution File, Format Version 12.00
# Visual Studio Version 17
VisualStudioVersion = 17.2.32616.157
MinimumVisualStudioVersion = 10.0.40219.1
Project("{2150E333-8FDC-42A3-9474-1A3956D46DE8}") = "1.Presentation Layer", "1.Presentation Layer", "{6B332FFB-1F96-4390-B6F1-59D2779AD160}"
EndProject
Project("{2150E333-8FDC-42A3-9474-1A3956D46DE8}") = "2.Bussiness Layer", "2.Bussiness Layer", "{8F54DEE6-57E5-4500-9365-845E2639B58F}"
EndProject
Project("{2150E333-8FDC-42A3-9474-1A3956D46DE8}") = "3.Data Layer", "3.Data Layer", "{6BF088E8-A6B3-409E-AA45-1FB7A1F238FE}"
EndProject
Project("{FAE04EC0-301F-11D3-BF4B-00C04F79EFBC}") = "DataAccess", "DataAccess\DataAccess.csproj", "{87F75E6A-AA3A-4A89-ABB5-0E483C1B8CFA}"
EndProject
Project("{FAE04EC0-301F-11D3-BF4B-00C04F79EFBC}") = "BussinessObject", "BussinessObject\BussinessObject.csproj", "{4B627932-AA7F-451D-B6E2-243DE4D98159}"
EndProject
Project("{FAE04EC0-301F-11D3-BF4B-00C04F79EFBC}") = "eStore", "eStore\eStore.csproj", "{BDA44176-1D70-49CB-B081-66A1C3648B9E}"
EndProject
Global
	GlobalSection(SolutionConfigurationPlatforms) = preSolution
		Debug|Any CPU = Debug|Any CPU
		Release|Any CPU = Release|Any CPU
	EndGlobalSection
	GlobalSection(ProjectConfigurationPlatforms) = postSolution
		{87F75E6A-AA3A-4A89-ABB5-0E483C1B8CFA}.Debug|Any CPU.ActiveCfg = Debug|Any CPU
		{87F75E6A-AA3A-4A89-ABB5-0E483C1B8CFA}.Debug|Any CPU.Build.0 = Debug|Any CPU
		{87F75E6A-AA3A-4A89-ABB5-0E483C1B8CFA}.Release|Any CPU.ActiveCfg = Release|Any CPU
		{87F75E6A-AA3A-4A89-ABB5-0E483C1B8CFA}.Release|Any CPU.Build.0 = Release|Any CPU
		{4B627932-AA7F-451D-B6E2-243DE4D98159}.Debug|Any CPU.ActiveCfg = Debug|Any CPU
		{4B627932-AA7F-451D-B6E2-243DE4D98159}.Debug|Any CPU.Build.0 = Debug|Any CPU
		{4B627932-AA7F-451D-B6E2-243DE4D98159}.Release|Any CPU.ActiveCfg = Release|Any CPU
		{4B627932-AA7F-451D-B6E2-243DE4D98159}.Release|Any CPU.Build.0 = Release|Any CPU
		{BDA44176-1D70-49CB-B081-66A1C3648B9E}.Debug|Any CPU.ActiveCfg = Debug|Any CPU
		{BDA44176-1D70-49CB-B081-66A1C3648B9E}.Debug|Any CPU.Build.0 = Debug|Any CPU
		{BDA44176-1D70-49CB-B081-66A1C3648B9E}.Release|Any CPU.ActiveCfg = Release|Any CPU
		{BDA44176-1D70-49CB-B081-66A1C3648B9E}.Release|Any CPU.Build.0 = Release|Any CPU
	EndGlobalSection
	GlobalSection(SolutionProperties) = preSolution
		HideSolutionNode = FALSE
	EndGlobalSection
	GlobalSection(NestedProjects) = preSolution
		{87F75E6A-AA3A-4A89-ABB5-0E483C1B8CFA} = {6BF088E8-A6B3-409E-AA45-1FB7A1F238FE}
		{4B627932-AA7F-451D-B6E2-243DE4D98159} = {8F54DEE6-57E5-4500-9365-845E2639B58F}
		{BDA44176-1D70-49CB-B081-66A1C3648B9E} = {6B332FFB-1F96-4390-B6F1-59D2779AD160}
	EndGlobalSection
	GlobalSection(ExtensibilityGlobals) = postSolution
		SolutionGuid = {9845390B-AF5D-42DD-8224-19809FD1B0E2}
	EndGlobalSection
EndGlobal
